
Microsoft Visual Studio Solution File, Format Version 12.00
# Visual Studio 15
VisualStudioVersion = 15.0.27130.2036
MinimumVisualStudioVersion = 10.0.40219.1
Project("{FAE04EC0-301F-11D3-BF4B-00C04F79EFBC}") = "ServerProcessesWF", "ServerProcessesWF\ServerProcessesWF.csproj", "{DAB0140B-B38E-4482-8D34-969D7DDBB84C}"
EndProject
Global
	GlobalSection(SolutionConfigurationPlatforms) = preSolution
		Debug|Any CPU = Debug|Any CPU
		Release|Any CPU = Release|Any CPU
	EndGlobalSection
	GlobalSection(ProjectConfigurationPlatforms) = postSolution
		{DAB0140B-B38E-4482-8D34-969D7DDBB84C}.Debug|Any CPU.ActiveCfg = Debug|Any CPU
		{DAB0140B-B38E-4482-8D34-969D7DDBB84C}.Debug|Any CPU.Build.0 = Debug|Any CPU
		{DAB0140B-B38E-4482-8D34-969D7DDBB84C}.Release|Any CPU.ActiveCfg = Release|Any CPU
		{DAB0140B-B38E-4482-8D34-969D7DDBB84C}.Release|Any CPU.Build.0 = Release|Any CPU
	EndGlobalSection
	GlobalSection(SolutionProperties) = preSolution
		HideSolutionNode = FALSE
	EndGlobalSection
	GlobalSection(ExtensibilityGlobals) = postSolution
		SolutionGuid = {2F509F57-C349-429C-9E70-B040DD87C5F5}
	EndGlobalSection
EndGlobal
